
Microsoft Visual Studio Solution File, Format Version 12.00
# Visual Studio Version 17
VisualStudioVersion = 17.0.32014.148
MinimumVisualStudioVersion = 10.0.40219.1
Project("{8BC9CEB8-8B4A-11D0-8D11-00A0C91BC942}") = "20-valid-parenthesis", "20-valid-parenthesis\20-valid-parenthesis.vcxproj", "{7B52C799-54FF-49B2-9BE0-14810EEE5CA9}"
EndProject
Project("{8BC9CEB8-8B4A-11D0-8D11-00A0C91BC942}") = "200-number-of-islands", "200-number-of-islands\200-number-of-islands.vcxproj", "{92FC1DAC-0F55-4D8B-ACA7-F561E3001113}"
EndProject
Project("{8BC9CEB8-8B4A-11D0-8D11-00A0C91BC942}") = "binary-search", "binary-search\binary-search.vcxproj", "{28EA653A-72ED-4B50-BC44-55C5C657017A}"
EndProject
Project("{8BC9CEB8-8B4A-11D0-8D11-00A0C91BC942}") = "first-bad-version", "first-bad-version\first-bad-version.vcxproj", "{638908B3-06A5-4ADC-9081-B97D0E7E5586}"
EndProject
Project("{8BC9CEB8-8B4A-11D0-8D11-00A0C91BC942}") = "35-search-insert-position", "35-search-insert-position\35-search-insert-position.vcxproj", "{4E697CEB-2804-4CC2-BA5D-C97D1F8C8589}"
EndProject
Project("{8BC9CEB8-8B4A-11D0-8D11-00A0C91BC942}") = "977-squares-of-a-sorted-array", "977-squares-of-a-sorted-array\977-squares-of-a-sorted-array.vcxproj", "{9D95C520-4C44-4744-BA22-1F1322061BC3}"
EndProject
Project("{2150E333-8FDC-42A3-9474-1A3956D46DE8}") = "contrib", "contrib", "{F0A2EC91-1ED6-4AAB-BF16-5956EF57E8C7}"
EndProject
Project("{2150E333-8FDC-42A3-9474-1A3956D46DE8}") = "spdlog", "spdlog", "{D4583A6B-065F-429B-85A5-EBB4CECF776E}"
EndProject
Project("{2150E333-8FDC-42A3-9474-1A3956D46DE8}") = "include", "include", "{3EDA8F4B-2A6D-41A3-8886-707BCD1A8FE3}"
EndProject
Project("{2150E333-8FDC-42A3-9474-1A3956D46DE8}") = "src", "src", "{5DC61A95-F5DC-44E3-A96B-9E86CAF67B4C}"
EndProject
Project("{2150E333-8FDC-42A3-9474-1A3956D46DE8}") = "spdlog", "spdlog", "{F68E60DB-D182-4DCB-8A86-8177EB6AA9C5}"
	ProjectSection(SolutionItems) = preProject
		dependencies\spdlog\include\spdlog\async.h = dependencies\spdlog\include\spdlog\async.h
		dependencies\spdlog\include\spdlog\async_logger-inl.h = dependencies\spdlog\include\spdlog\async_logger-inl.h
		dependencies\spdlog\include\spdlog\async_logger.h = dependencies\spdlog\include\spdlog\async_logger.h
		dependencies\spdlog\include\spdlog\common-inl.h = dependencies\spdlog\include\spdlog\common-inl.h
		dependencies\spdlog\include\spdlog\common.h = dependencies\spdlog\include\spdlog\common.h
		dependencies\spdlog\include\spdlog\formatter.h = dependencies\spdlog\include\spdlog\formatter.h
		dependencies\spdlog\include\spdlog\fwd.h = dependencies\spdlog\include\spdlog\fwd.h
		dependencies\spdlog\include\spdlog\logger-inl.h = dependencies\spdlog\include\spdlog\logger-inl.h
		dependencies\spdlog\include\spdlog\logger.h = dependencies\spdlog\include\spdlog\logger.h
		dependencies\spdlog\include\spdlog\pattern_formatter-inl.h = dependencies\spdlog\include\spdlog\pattern_formatter-inl.h
		dependencies\spdlog\include\spdlog\pattern_formatter.h = dependencies\spdlog\include\spdlog\pattern_formatter.h
		dependencies\spdlog\include\spdlog\spdlog-inl.h = dependencies\spdlog\include\spdlog\spdlog-inl.h
		dependencies\spdlog\include\spdlog\spdlog.h = dependencies\spdlog\include\spdlog\spdlog.h
		dependencies\spdlog\include\spdlog\stopwatch.h = dependencies\spdlog\include\spdlog\stopwatch.h
		dependencies\spdlog\include\spdlog\tweakme.h = dependencies\spdlog\include\spdlog\tweakme.h
		dependencies\spdlog\include\spdlog\version.h = dependencies\spdlog\include\spdlog\version.h
	EndProjectSection
EndProject
Project("{8BC9CEB8-8B4A-11D0-8D11-00A0C91BC942}") = "common", "common\common.vcxproj", "{19FF8CFD-CA0F-485A-8217-D86A1A8184AF}"
EndProject
Project("{2150E333-8FDC-42A3-9474-1A3956D46DE8}") = "cfg", "cfg", "{18EF624D-8503-4BDE-80C6-37DBC9F68857}"
	ProjectSection(SolutionItems) = preProject
		dependencies\spdlog\include\spdlog\cfg\argv.h = dependencies\spdlog\include\spdlog\cfg\argv.h
		dependencies\spdlog\include\spdlog\cfg\env.h = dependencies\spdlog\include\spdlog\cfg\env.h
		dependencies\spdlog\include\spdlog\cfg\helpers-inl.h = dependencies\spdlog\include\spdlog\cfg\helpers-inl.h
		dependencies\spdlog\include\spdlog\cfg\helpers.h = dependencies\spdlog\include\spdlog\cfg\helpers.h
	EndProjectSection
EndProject
Project("{2150E333-8FDC-42A3-9474-1A3956D46DE8}") = "details", "details", "{1465AADB-BCB0-4B10-B58E-D33BED1C75CC}"
	ProjectSection(SolutionItems) = preProject
		dependencies\spdlog\include\spdlog\details\backtracer-inl.h = dependencies\spdlog\include\spdlog\details\backtracer-inl.h
		dependencies\spdlog\include\spdlog\details\backtracer.h = dependencies\spdlog\include\spdlog\details\backtracer.h
		dependencies\spdlog\include\spdlog\details\circular_q.h = dependencies\spdlog\include\spdlog\details\circular_q.h
		dependencies\spdlog\include\spdlog\details\console_globals.h = dependencies\spdlog\include\spdlog\details\console_globals.h
		dependencies\spdlog\include\spdlog\details\file_helper-inl.h = dependencies\spdlog\include\spdlog\details\file_helper-inl.h
		dependencies\spdlog\include\spdlog\details\file_helper.h = dependencies\spdlog\include\spdlog\details\file_helper.h
		dependencies\spdlog\include\spdlog\details\fmt_helper.h = dependencies\spdlog\include\spdlog\details\fmt_helper.h
		dependencies\spdlog\include\spdlog\details\log_msg-inl.h = dependencies\spdlog\include\spdlog\details\log_msg-inl.h
		dependencies\spdlog\include\spdlog\details\log_msg.h = dependencies\spdlog\include\spdlog\details\log_msg.h
		dependencies\spdlog\include\spdlog\details\log_msg_buffer-inl.h = dependencies\spdlog\include\spdlog\details\log_msg_buffer-inl.h
		dependencies\spdlog\include\spdlog\details\log_msg_buffer.h = dependencies\spdlog\include\spdlog\details\log_msg_buffer.h
		dependencies\spdlog\include\spdlog\details\mpmc_blocking_q.h = dependencies\spdlog\include\spdlog\details\mpmc_blocking_q.h
		dependencies\spdlog\include\spdlog\details\null_mutex.h = dependencies\spdlog\include\spdlog\details\null_mutex.h
		dependencies\spdlog\include\spdlog\details\os-inl.h = dependencies\spdlog\include\spdlog\details\os-inl.h
		dependencies\spdlog\include\spdlog\details\os.h = dependencies\spdlog\include\spdlog\details\os.h
		dependencies\spdlog\include\spdlog\details\periodic_worker-inl.h = dependencies\spdlog\include\spdlog\details\periodic_worker-inl.h
		dependencies\spdlog\include\spdlog\details\periodic_worker.h = dependencies\spdlog\include\spdlog\details\periodic_worker.h
		dependencies\spdlog\include\spdlog\details\registry-inl.h = dependencies\spdlog\include\spdlog\details\registry-inl.h
		dependencies\spdlog\include\spdlog\details\registry.h = dependencies\spdlog\include\spdlog\details\registry.h
		dependencies\spdlog\include\spdlog\details\synchronous_factory.h = dependencies\spdlog\include\spdlog\details\synchronous_factory.h
		dependencies\spdlog\include\spdlog\details\tcp_client-windows.h = dependencies\spdlog\include\spdlog\details\tcp_client-windows.h
		dependencies\spdlog\include\spdlog\details\tcp_client.h = dependencies\spdlog\include\spdlog\details\tcp_client.h
		dependencies\spdlog\include\spdlog\details\thread_pool-inl.h = dependencies\spdlog\include\spdlog\details\thread_pool-inl.h
		dependencies\spdlog\include\spdlog\details\thread_pool.h = dependencies\spdlog\include\spdlog\details\thread_pool.h
		dependencies\spdlog\include\spdlog\details\windows_include.h = dependencies\spdlog\include\spdlog\details\windows_include.h
	EndProjectSection
EndProject
Project("{2150E333-8FDC-42A3-9474-1A3956D46DE8}") = "fmt", "fmt", "{404024CD-A323-4F89-B27A-5907AB4964E2}"
	ProjectSection(SolutionItems) = preProject
		dependencies\spdlog\include\spdlog\fmt\bin_to_hex.h = dependencies\spdlog\include\spdlog\fmt\bin_to_hex.h
		dependencies\spdlog\include\spdlog\fmt\chrono.h = dependencies\spdlog\include\spdlog\fmt\chrono.h
		dependencies\spdlog\include\spdlog\fmt\compile.h = dependencies\spdlog\include\spdlog\fmt\compile.h
		dependencies\spdlog\include\spdlog\fmt\fmt.h = dependencies\spdlog\include\spdlog\fmt\fmt.h
		dependencies\spdlog\include\spdlog\fmt\ostr.h = dependencies\spdlog\include\spdlog\fmt\ostr.h
		dependencies\spdlog\include\spdlog\fmt\xchar.h = dependencies\spdlog\include\spdlog\fmt\xchar.h
	EndProjectSection
EndProject
Project("{2150E333-8FDC-42A3-9474-1A3956D46DE8}") = "sinks", "sinks", "{B20649B2-4793-4056-865D-BAADB9322B7C}"
	ProjectSection(SolutionItems) = preProject
		dependencies\spdlog\include\spdlog\sinks\android_sink.h = dependencies\spdlog\include\spdlog\sinks\android_sink.h
		dependencies\spdlog\include\spdlog\sinks\ansicolor_sink-inl.h = dependencies\spdlog\include\spdlog\sinks\ansicolor_sink-inl.h
		dependencies\spdlog\include\spdlog\sinks\ansicolor_sink.h = dependencies\spdlog\include\spdlog\sinks\ansicolor_sink.h
		dependencies\spdlog\include\spdlog\sinks\base_sink-inl.h = dependencies\spdlog\include\spdlog\sinks\base_sink-inl.h
		dependencies\spdlog\include\spdlog\sinks\base_sink.h = dependencies\spdlog\include\spdlog\sinks\base_sink.h
		dependencies\spdlog\include\spdlog\sinks\basic_file_sink-inl.h = dependencies\spdlog\include\spdlog\sinks\basic_file_sink-inl.h
		dependencies\spdlog\include\spdlog\sinks\basic_file_sink.h = dependencies\spdlog\include\spdlog\sinks\basic_file_sink.h
		dependencies\spdlog\include\spdlog\sinks\daily_file_sink.h = dependencies\spdlog\include\spdlog\sinks\daily_file_sink.h
		dependencies\spdlog\include\spdlog\sinks\dist_sink.h = dependencies\spdlog\include\spdlog\sinks\dist_sink.h
		dependencies\spdlog\include\spdlog\sinks\dup_filter_sink.h = dependencies\spdlog\include\spdlog\sinks\dup_filter_sink.h
		dependencies\spdlog\include\spdlog\sinks\hourly_file_sink.h = dependencies\spdlog\include\spdlog\sinks\hourly_file_sink.h
		dependencies\spdlog\include\spdlog\sinks\mongo_sink.h = dependencies\spdlog\include\spdlog\sinks\mongo_sink.h
		dependencies\spdlog\include\spdlog\sinks\msvc_sink.h = dependencies\spdlog\include\spdlog\sinks\msvc_sink.h
		dependencies\spdlog\include\spdlog\sinks\null_sink.h = dependencies\spdlog\include\spdlog\sinks\null_sink.h
		dependencies\spdlog\include\spdlog\sinks\ostream_sink.h = dependencies\spdlog\include\spdlog\sinks\ostream_sink.h
		dependencies\spdlog\include\spdlog\sinks\qt_sinks.h = dependencies\spdlog\include\spdlog\sinks\qt_sinks.h
		dependencies\spdlog\include\spdlog\sinks\ringbuffer_sink.h = dependencies\spdlog\include\spdlog\sinks\ringbuffer_sink.h
		dependencies\spdlog\include\spdlog\sinks\rotating_file_sink-inl.h = dependencies\spdlog\include\spdlog\sinks\rotating_file_sink-inl.h
		dependencies\spdlog\include\spdlog\sinks\rotating_file_sink.h = dependencies\spdlog\include\spdlog\sinks\rotating_file_sink.h
		dependencies\spdlog\include\spdlog\sinks\sink-inl.h = dependencies\spdlog\include\spdlog\sinks\sink-inl.h
		dependencies\spdlog\include\spdlog\sinks\sink.h = dependencies\spdlog\include\spdlog\sinks\sink.h
		dependencies\spdlog\include\spdlog\sinks\stdout_color_sinks-inl.h = dependencies\spdlog\include\spdlog\sinks\stdout_color_sinks-inl.h
		dependencies\spdlog\include\spdlog\sinks\stdout_color_sinks.h = dependencies\spdlog\include\spdlog\sinks\stdout_color_sinks.h
		dependencies\spdlog\include\spdlog\sinks\stdout_sinks-inl.h = dependencies\spdlog\include\spdlog\sinks\stdout_sinks-inl.h
		dependencies\spdlog\include\spdlog\sinks\stdout_sinks.h = dependencies\spdlog\include\spdlog\sinks\stdout_sinks.h
		dependencies\spdlog\include\spdlog\sinks\syslog_sink.h = dependencies\spdlog\include\spdlog\sinks\syslog_sink.h
		dependencies\spdlog\include\spdlog\sinks\systemd_sink.h = dependencies\spdlog\include\spdlog\sinks\systemd_sink.h
		dependencies\spdlog\include\spdlog\sinks\tcp_sink.h = dependencies\spdlog\include\spdlog\sinks\tcp_sink.h
		dependencies\spdlog\include\spdlog\sinks\win_eventlog_sink.h = dependencies\spdlog\include\spdlog\sinks\win_eventlog_sink.h
		dependencies\spdlog\include\spdlog\sinks\wincolor_sink-inl.h = dependencies\spdlog\include\spdlog\sinks\wincolor_sink-inl.h
		dependencies\spdlog\include\spdlog\sinks\wincolor_sink.h = dependencies\spdlog\include\spdlog\sinks\wincolor_sink.h
	EndProjectSection
EndProject
Project("{2150E333-8FDC-42A3-9474-1A3956D46DE8}") = "bundled", "bundled", "{75AFED46-D83D-46BF-9D2C-3BA82F0A9D0B}"
	ProjectSection(SolutionItems) = preProject
		dependencies\spdlog\include\spdlog\fmt\bundled\args.h = dependencies\spdlog\include\spdlog\fmt\bundled\args.h
		dependencies\spdlog\include\spdlog\fmt\bundled\chrono.h = dependencies\spdlog\include\spdlog\fmt\bundled\chrono.h
		dependencies\spdlog\include\spdlog\fmt\bundled\color.h = dependencies\spdlog\include\spdlog\fmt\bundled\color.h
		dependencies\spdlog\include\spdlog\fmt\bundled\compile.h = dependencies\spdlog\include\spdlog\fmt\bundled\compile.h
		dependencies\spdlog\include\spdlog\fmt\bundled\core.h = dependencies\spdlog\include\spdlog\fmt\bundled\core.h
		dependencies\spdlog\include\spdlog\fmt\bundled\format-inl.h = dependencies\spdlog\include\spdlog\fmt\bundled\format-inl.h
		dependencies\spdlog\include\spdlog\fmt\bundled\format.h = dependencies\spdlog\include\spdlog\fmt\bundled\format.h
		dependencies\spdlog\include\spdlog\fmt\bundled\locale.h = dependencies\spdlog\include\spdlog\fmt\bundled\locale.h
		dependencies\spdlog\include\spdlog\fmt\bundled\os.h = dependencies\spdlog\include\spdlog\fmt\bundled\os.h
		dependencies\spdlog\include\spdlog\fmt\bundled\ostream.h = dependencies\spdlog\include\spdlog\fmt\bundled\ostream.h
		dependencies\spdlog\include\spdlog\fmt\bundled\printf.h = dependencies\spdlog\include\spdlog\fmt\bundled\printf.h
		dependencies\spdlog\include\spdlog\fmt\bundled\ranges.h = dependencies\spdlog\include\spdlog\fmt\bundled\ranges.h
		dependencies\spdlog\include\spdlog\fmt\bundled\xchar.h = dependencies\spdlog\include\spdlog\fmt\bundled\xchar.h
	EndProjectSection
EndProject
Project("{8BC9CEB8-8B4A-11D0-8D11-00A0C91BC942}") = "189-rotate-array", "189-rotate-array\189-rotate-array.vcxproj", "{3A7D410C-5154-4349-8A04-65D183FB7430}"
EndProject
Project("{8BC9CEB8-8B4A-11D0-8D11-00A0C91BC942}") = "283-move-zeroes", "283-move-zeroes\283-move-zeroes.vcxproj", "{3F97D72B-E120-42B8-A0CB-13BABC34B566}"
EndProject
Project("{2150E333-8FDC-42A3-9474-1A3956D46DE8}") = "Catch2", "Catch2", "{D8FECFF0-92B0-415B-8DB2-93A87B39D6F1}"
	ProjectSection(SolutionItems) = preProject
		dependencies\Catch2\catch.hpp = dependencies\Catch2\catch.hpp
	EndProjectSection
EndProject
Project("{8BC9CEB8-8B4A-11D0-8D11-00A0C91BC942}") = "167-two-sum-ii", "167-two-sum-ii\167-two-sum-ii.vcxproj", "{239C856D-BD89-4034-82DD-CC9878E985BD}"
EndProject
Global
	GlobalSection(SolutionConfigurationPlatforms) = preSolution
		Debug|x64 = Debug|x64
		Debug|x86 = Debug|x86
		Release|x64 = Release|x64
		Release|x86 = Release|x86
	EndGlobalSection
	GlobalSection(ProjectConfigurationPlatforms) = postSolution
		{7B52C799-54FF-49B2-9BE0-14810EEE5CA9}.Debug|x64.ActiveCfg = Debug|x64
		{7B52C799-54FF-49B2-9BE0-14810EEE5CA9}.Debug|x64.Build.0 = Debug|x64
		{7B52C799-54FF-49B2-9BE0-14810EEE5CA9}.Debug|x86.ActiveCfg = Debug|Win32
		{7B52C799-54FF-49B2-9BE0-14810EEE5CA9}.Debug|x86.Build.0 = Debug|Win32
		{7B52C799-54FF-49B2-9BE0-14810EEE5CA9}.Release|x64.ActiveCfg = Release|x64
		{7B52C799-54FF-49B2-9BE0-14810EEE5CA9}.Release|x64.Build.0 = Release|x64
		{7B52C799-54FF-49B2-9BE0-14810EEE5CA9}.Release|x86.ActiveCfg = Release|Win32
		{7B52C799-54FF-49B2-9BE0-14810EEE5CA9}.Release|x86.Build.0 = Release|Win32
		{92FC1DAC-0F55-4D8B-ACA7-F561E3001113}.Debug|x64.ActiveCfg = Debug|x64
		{92FC1DAC-0F55-4D8B-ACA7-F561E3001113}.Debug|x64.Build.0 = Debug|x64
		{92FC1DAC-0F55-4D8B-ACA7-F561E3001113}.Debug|x86.ActiveCfg = Debug|Win32
		{92FC1DAC-0F55-4D8B-ACA7-F561E3001113}.Debug|x86.Build.0 = Debug|Win32
		{92FC1DAC-0F55-4D8B-ACA7-F561E3001113}.Release|x64.ActiveCfg = Release|x64
		{92FC1DAC-0F55-4D8B-ACA7-F561E3001113}.Release|x64.Build.0 = Release|x64
		{92FC1DAC-0F55-4D8B-ACA7-F561E3001113}.Release|x86.ActiveCfg = Release|Win32
		{92FC1DAC-0F55-4D8B-ACA7-F561E3001113}.Release|x86.Build.0 = Release|Win32
		{28EA653A-72ED-4B50-BC44-55C5C657017A}.Debug|x64.ActiveCfg = Debug|x64
		{28EA653A-72ED-4B50-BC44-55C5C657017A}.Debug|x64.Build.0 = Debug|x64
		{28EA653A-72ED-4B50-BC44-55C5C657017A}.Debug|x86.ActiveCfg = Debug|Win32
		{28EA653A-72ED-4B50-BC44-55C5C657017A}.Debug|x86.Build.0 = Debug|Win32
		{28EA653A-72ED-4B50-BC44-55C5C657017A}.Release|x64.ActiveCfg = Release|x64
		{28EA653A-72ED-4B50-BC44-55C5C657017A}.Release|x64.Build.0 = Release|x64
		{28EA653A-72ED-4B50-BC44-55C5C657017A}.Release|x86.ActiveCfg = Release|Win32
		{28EA653A-72ED-4B50-BC44-55C5C657017A}.Release|x86.Build.0 = Release|Win32
		{638908B3-06A5-4ADC-9081-B97D0E7E5586}.Debug|x64.ActiveCfg = Debug|x64
		{638908B3-06A5-4ADC-9081-B97D0E7E5586}.Debug|x64.Build.0 = Debug|x64
		{638908B3-06A5-4ADC-9081-B97D0E7E5586}.Debug|x86.ActiveCfg = Debug|Win32
		{638908B3-06A5-4ADC-9081-B97D0E7E5586}.Debug|x86.Build.0 = Debug|Win32
		{638908B3-06A5-4ADC-9081-B97D0E7E5586}.Release|x64.ActiveCfg = Release|x64
		{638908B3-06A5-4ADC-9081-B97D0E7E5586}.Release|x64.Build.0 = Release|x64
		{638908B3-06A5-4ADC-9081-B97D0E7E5586}.Release|x86.ActiveCfg = Release|Win32
		{638908B3-06A5-4ADC-9081-B97D0E7E5586}.Release|x86.Build.0 = Release|Win32
		{4E697CEB-2804-4CC2-BA5D-C97D1F8C8589}.Debug|x64.ActiveCfg = Debug|x64
		{4E697CEB-2804-4CC2-BA5D-C97D1F8C8589}.Debug|x64.Build.0 = Debug|x64
		{4E697CEB-2804-4CC2-BA5D-C97D1F8C8589}.Debug|x86.ActiveCfg = Debug|Win32
		{4E697CEB-2804-4CC2-BA5D-C97D1F8C8589}.Debug|x86.Build.0 = Debug|Win32
		{4E697CEB-2804-4CC2-BA5D-C97D1F8C8589}.Release|x64.ActiveCfg = Release|x64
		{4E697CEB-2804-4CC2-BA5D-C97D1F8C8589}.Release|x64.Build.0 = Release|x64
		{4E697CEB-2804-4CC2-BA5D-C97D1F8C8589}.Release|x86.ActiveCfg = Release|Win32
		{4E697CEB-2804-4CC2-BA5D-C97D1F8C8589}.Release|x86.Build.0 = Release|Win32
		{9D95C520-4C44-4744-BA22-1F1322061BC3}.Debug|x64.ActiveCfg = Debug|x64
		{9D95C520-4C44-4744-BA22-1F1322061BC3}.Debug|x64.Build.0 = Debug|x64
		{9D95C520-4C44-4744-BA22-1F1322061BC3}.Debug|x86.ActiveCfg = Debug|Win32
		{9D95C520-4C44-4744-BA22-1F1322061BC3}.Debug|x86.Build.0 = Debug|Win32
		{9D95C520-4C44-4744-BA22-1F1322061BC3}.Release|x64.ActiveCfg = Release|x64
		{9D95C520-4C44-4744-BA22-1F1322061BC3}.Release|x64.Build.0 = Release|x64
		{9D95C520-4C44-4744-BA22-1F1322061BC3}.Release|x86.ActiveCfg = Release|Win32
		{9D95C520-4C44-4744-BA22-1F1322061BC3}.Release|x86.Build.0 = Release|Win32
		{19FF8CFD-CA0F-485A-8217-D86A1A8184AF}.Debug|x64.ActiveCfg = Debug|x64
		{19FF8CFD-CA0F-485A-8217-D86A1A8184AF}.Debug|x64.Build.0 = Debug|x64
		{19FF8CFD-CA0F-485A-8217-D86A1A8184AF}.Debug|x86.ActiveCfg = Debug|Win32
		{19FF8CFD-CA0F-485A-8217-D86A1A8184AF}.Debug|x86.Build.0 = Debug|Win32
		{19FF8CFD-CA0F-485A-8217-D86A1A8184AF}.Release|x64.ActiveCfg = Release|x64
		{19FF8CFD-CA0F-485A-8217-D86A1A8184AF}.Release|x64.Build.0 = Release|x64
		{19FF8CFD-CA0F-485A-8217-D86A1A8184AF}.Release|x86.ActiveCfg = Release|Win32
		{19FF8CFD-CA0F-485A-8217-D86A1A8184AF}.Release|x86.Build.0 = Release|Win32
		{3A7D410C-5154-4349-8A04-65D183FB7430}.Debug|x64.ActiveCfg = Debug|x64
		{3A7D410C-5154-4349-8A04-65D183FB7430}.Debug|x64.Build.0 = Debug|x64
		{3A7D410C-5154-4349-8A04-65D183FB7430}.Debug|x86.ActiveCfg = Debug|Win32
		{3A7D410C-5154-4349-8A04-65D183FB7430}.Debug|x86.Build.0 = Debug|Win32
		{3A7D410C-5154-4349-8A04-65D183FB7430}.Release|x64.ActiveCfg = Release|x64
		{3A7D410C-5154-4349-8A04-65D183FB7430}.Release|x64.Build.0 = Release|x64
		{3A7D410C-5154-4349-8A04-65D183FB7430}.Release|x86.ActiveCfg = Release|Win32
		{3A7D410C-5154-4349-8A04-65D183FB7430}.Release|x86.Build.0 = Release|Win32
		{3F97D72B-E120-42B8-A0CB-13BABC34B566}.Debug|x64.ActiveCfg = Debug|x64
		{3F97D72B-E120-42B8-A0CB-13BABC34B566}.Debug|x64.Build.0 = Debug|x64
		{3F97D72B-E120-42B8-A0CB-13BABC34B566}.Debug|x86.ActiveCfg = Debug|Win32
		{3F97D72B-E120-42B8-A0CB-13BABC34B566}.Debug|x86.Build.0 = Debug|Win32
		{3F97D72B-E120-42B8-A0CB-13BABC34B566}.Release|x64.ActiveCfg = Release|x64
		{3F97D72B-E120-42B8-A0CB-13BABC34B566}.Release|x64.Build.0 = Release|x64
		{3F97D72B-E120-42B8-A0CB-13BABC34B566}.Release|x86.ActiveCfg = Release|Win32
		{3F97D72B-E120-42B8-A0CB-13BABC34B566}.Release|x86.Build.0 = Release|Win32
		{239C856D-BD89-4034-82DD-CC9878E985BD}.Debug|x64.ActiveCfg = Debug|x64
		{239C856D-BD89-4034-82DD-CC9878E985BD}.Debug|x64.Build.0 = Debug|x64
		{239C856D-BD89-4034-82DD-CC9878E985BD}.Debug|x86.ActiveCfg = Debug|Win32
		{239C856D-BD89-4034-82DD-CC9878E985BD}.Debug|x86.Build.0 = Debug|Win32
		{239C856D-BD89-4034-82DD-CC9878E985BD}.Release|x64.ActiveCfg = Release|x64
		{239C856D-BD89-4034-82DD-CC9878E985BD}.Release|x64.Build.0 = Release|x64
		{239C856D-BD89-4034-82DD-CC9878E985BD}.Release|x86.ActiveCfg = Release|Win32
		{239C856D-BD89-4034-82DD-CC9878E985BD}.Release|x86.Build.0 = Release|Win32
	EndGlobalSection
	GlobalSection(SolutionProperties) = preSolution
		HideSolutionNode = FALSE
	EndGlobalSection
	GlobalSection(NestedProjects) = preSolution
		{D4583A6B-065F-429B-85A5-EBB4CECF776E} = {F0A2EC91-1ED6-4AAB-BF16-5956EF57E8C7}
		{3EDA8F4B-2A6D-41A3-8886-707BCD1A8FE3} = {D4583A6B-065F-429B-85A5-EBB4CECF776E}
		{5DC61A95-F5DC-44E3-A96B-9E86CAF67B4C} = {D4583A6B-065F-429B-85A5-EBB4CECF776E}
		{F68E60DB-D182-4DCB-8A86-8177EB6AA9C5} = {3EDA8F4B-2A6D-41A3-8886-707BCD1A8FE3}
		{18EF624D-8503-4BDE-80C6-37DBC9F68857} = {F68E60DB-D182-4DCB-8A86-8177EB6AA9C5}
		{1465AADB-BCB0-4B10-B58E-D33BED1C75CC} = {F68E60DB-D182-4DCB-8A86-8177EB6AA9C5}
		{404024CD-A323-4F89-B27A-5907AB4964E2} = {F68E60DB-D182-4DCB-8A86-8177EB6AA9C5}
		{B20649B2-4793-4056-865D-BAADB9322B7C} = {F68E60DB-D182-4DCB-8A86-8177EB6AA9C5}
		{75AFED46-D83D-46BF-9D2C-3BA82F0A9D0B} = {404024CD-A323-4F89-B27A-5907AB4964E2}
		{D8FECFF0-92B0-415B-8DB2-93A87B39D6F1} = {F0A2EC91-1ED6-4AAB-BF16-5956EF57E8C7}
	EndGlobalSection
	GlobalSection(ExtensibilityGlobals) = postSolution
		SolutionGuid = {40BD80EF-F904-497C-BD9B-19D54CC6D27F}
	EndGlobalSection
EndGlobal
